// !$*UTF8*$!
{
	archiveVersion = 1;
	classes = {
	};
	objectVersion = 56;
	objects = {

/* Begin PBXBuildFile section */
		CC56490129080E1300E31B62 /* AppDelegate.swift in Sources */ = {isa = PBXBuildFile; fileRef = CC56490029080E1300E31B62 /* AppDelegate.swift */; };
		CC56490329080E1300E31B62 /* SceneDelegate.swift in Sources */ = {isa = PBXBuildFile; fileRef = CC56490229080E1300E31B62 /* SceneDelegate.swift */; };
		CC56490529080E1300E31B62 /* ViewController.swift in Sources */ = {isa = PBXBuildFile; fileRef = CC56490429080E1300E31B62 /* ViewController.swift */; };
		CC56490A29080E1300E31B62 /* Assets.xcassets in Resources */ = {isa = PBXBuildFile; fileRef = CC56490929080E1300E31B62 /* Assets.xcassets */; };
		CC56490D29080E1300E31B62 /* LaunchScreen.storyboard in Resources */ = {isa = PBXBuildFile; fileRef = CC56490B29080E1300E31B62 /* LaunchScreen.storyboard */; };
		CC5649162908104600E31B62 /* NotesViewController.swift in Sources */ = {isa = PBXBuildFile; fileRef = CC5649152908104600E31B62 /* NotesViewController.swift */; };
		CC5649182908105700E31B62 /* NoteCell.swift in Sources */ = {isa = PBXBuildFile; fileRef = CC5649172908105700E31B62 /* NoteCell.swift */; };
		CC56491A2908106100E31B62 /* AddNoteCell.swift in Sources */ = {isa = PBXBuildFile; fileRef = CC5649192908106100E31B62 /* AddNoteCell.swift */; };
		CC56491C2908106F00E31B62 /* ShortNote.swift in Sources */ = {isa = PBXBuildFile; fileRef = CC56491B2908106F00E31B62 /* ShortNote.swift */; };
		CC56491F290810BD00E31B62 /* ColorPaletteView.swift in Sources */ = {isa = PBXBuildFile; fileRef = CC56491E290810BD00E31B62 /* ColorPaletteView.swift */; };
		CC564921290810CA00E31B62 /* UIColorComponents.swift in Sources */ = {isa = PBXBuildFile; fileRef = CC564920290810CA00E31B62 /* UIColorComponents.swift */; };
		CC5649232908110F00E31B62 /* CALayerShadow.swift in Sources */ = {isa = PBXBuildFile; fileRef = CC5649222908110F00E31B62 /* CALayerShadow.swift */; };
		CC5649252908112B00E31B62 /* UISwiftPin.swift in Sources */ = {isa = PBXBuildFile; fileRef = CC5649242908112B00E31B62 /* UISwiftPin.swift */; };
		CC5649282908122A00E31B62 /* NewsListViewController.swift in Sources */ = {isa = PBXBuildFile; fileRef = CC5649272908122A00E31B62 /* NewsListViewController.swift */; };
		CC56492A29082F8300E31B62 /* NewsCell.swift in Sources */ = {isa = PBXBuildFile; fileRef = CC56492929082F8300E31B62 /* NewsCell.swift */; };
		CC56492C2908327D00E31B62 /* NewsModel.swift in Sources */ = {isa = PBXBuildFile; fileRef = CC56492B2908327D00E31B62 /* NewsModel.swift */; };
		CC56492E2908376600E31B62 /* ArticleViewController.swift in Sources */ = {isa = PBXBuildFile; fileRef = CC56492D2908376600E31B62 /* ArticleViewController.swift */; };
/* End PBXBuildFile section */

/* Begin PBXFileReference section */
		CC5648FD29080E1300E31B62 /* evshelemekhPW5.app */ = {isa = PBXFileReference; explicitFileType = wrapper.application; includeInIndex = 0; path = evshelemekhPW5.app; sourceTree = BUILT_PRODUCTS_DIR; };
		CC56490029080E1300E31B62 /* AppDelegate.swift */ = {isa = PBXFileReference; lastKnownFileType = sourcecode.swift; path = AppDelegate.swift; sourceTree = "<group>"; };
		CC56490229080E1300E31B62 /* SceneDelegate.swift */ = {isa = PBXFileReference; lastKnownFileType = sourcecode.swift; path = SceneDelegate.swift; sourceTree = "<group>"; };
		CC56490429080E1300E31B62 /* ViewController.swift */ = {isa = PBXFileReference; lastKnownFileType = sourcecode.swift; path = ViewController.swift; sourceTree = "<group>"; };
		CC56490929080E1300E31B62 /* Assets.xcassets */ = {isa = PBXFileReference; lastKnownFileType = folder.assetcatalog; path = Assets.xcassets; sourceTree = "<group>"; };
		CC56490C29080E1300E31B62 /* Base */ = {isa = PBXFileReference; lastKnownFileType = file.storyboard; name = Base; path = Base.lproj/LaunchScreen.storyboard; sourceTree = "<group>"; };
		CC56490E29080E1300E31B62 /* Info.plist */ = {isa = PBXFileReference; lastKnownFileType = text.plist.xml; path = Info.plist; sourceTree = "<group>"; };
		CC5649152908104600E31B62 /* NotesViewController.swift */ = {isa = PBXFileReference; lastKnownFileType = sourcecode.swift; path = NotesViewController.swift; sourceTree = "<group>"; };
		CC5649172908105700E31B62 /* NoteCell.swift */ = {isa = PBXFileReference; lastKnownFileType = sourcecode.swift; path = NoteCell.swift; sourceTree = "<group>"; };
		CC5649192908106100E31B62 /* AddNoteCell.swift */ = {isa = PBXFileReference; lastKnownFileType = sourcecode.swift; path = AddNoteCell.swift; sourceTree = "<group>"; };
		CC56491B2908106F00E31B62 /* ShortNote.swift */ = {isa = PBXFileReference; lastKnownFileType = sourcecode.swift; path = ShortNote.swift; sourceTree = "<group>"; };
		CC56491E290810BD00E31B62 /* ColorPaletteView.swift */ = {isa = PBXFileReference; lastKnownFileType = sourcecode.swift; path = ColorPaletteView.swift; sourceTree = "<group>"; };
		CC564920290810CA00E31B62 /* UIColorComponents.swift */ = {isa = PBXFileReference; lastKnownFileType = sourcecode.swift; path = UIColorComponents.swift; sourceTree = "<group>"; };
		CC5649222908110F00E31B62 /* CALayerShadow.swift */ = {isa = PBXFileReference; lastKnownFileType = sourcecode.swift; path = CALayerShadow.swift; sourceTree = "<group>"; };
		CC5649242908112B00E31B62 /* UISwiftPin.swift */ = {isa = PBXFileReference; lastKnownFileType = sourcecode.swift; path = UISwiftPin.swift; sourceTree = "<group>"; };
		CC5649272908122A00E31B62 /* NewsListViewController.swift */ = {isa = PBXFileReference; lastKnownFileType = sourcecode.swift; path = NewsListViewController.swift; sourceTree = "<group>"; };
		CC56492929082F8300E31B62 /* NewsCell.swift */ = {isa = PBXFileReference; lastKnownFileType = sourcecode.swift; path = NewsCell.swift; sourceTree = "<group>"; };
		CC56492B2908327D00E31B62 /* NewsModel.swift */ = {isa = PBXFileReference; lastKnownFileType = sourcecode.swift; path = NewsModel.swift; sourceTree = "<group>"; };
		CC56492D2908376600E31B62 /* ArticleViewController.swift */ = {isa = PBXFileReference; lastKnownFileType = sourcecode.swift; path = ArticleViewController.swift; sourceTree = "<group>"; };
/* End PBXFileReference section */

/* Begin PBXFrameworksBuildPhase section */
		CC5648FA29080E1300E31B62 /* Frameworks */ = {
			isa = PBXFrameworksBuildPhase;
			buildActionMask = 2147483647;
			files = (
			);
			runOnlyForDeploymentPostprocessing = 0;
		};
/* End PBXFrameworksBuildPhase section */

/* Begin PBXGroup section */
		CC5648F429080E1300E31B62 = {
			isa = PBXGroup;
			children = (
				CC5648FF29080E1300E31B62 /* evshelemekhPW5 */,
				CC5648FE29080E1300E31B62 /* Products */,
			);
			sourceTree = "<group>";
		};
		CC5648FE29080E1300E31B62 /* Products */ = {
			isa = PBXGroup;
			children = (
				CC5648FD29080E1300E31B62 /* evshelemekhPW5.app */,
			);
			name = Products;
			sourceTree = "<group>";
		};
		CC5648FF29080E1300E31B62 /* evshelemekhPW5 */ = {
			isa = PBXGroup;
			children = (
				CC5649262908118900E31B62 /* news */,
				CC56491D290810A600E31B62 /* colorPalette */,
				CC5649142908103000E31B62 /* notes */,
				CC56490029080E1300E31B62 /* AppDelegate.swift */,
				CC56490229080E1300E31B62 /* SceneDelegate.swift */,
				CC56490429080E1300E31B62 /* ViewController.swift */,
				CC5649222908110F00E31B62 /* CALayerShadow.swift */,
				CC5649242908112B00E31B62 /* UISwiftPin.swift */,
				CC56490929080E1300E31B62 /* Assets.xcassets */,
				CC56490B29080E1300E31B62 /* LaunchScreen.storyboard */,
				CC56490E29080E1300E31B62 /* Info.plist */,
			);
			path = evshelemekhPW5;
			sourceTree = "<group>";
		};
		CC5649142908103000E31B62 /* notes */ = {
			isa = PBXGroup;
			children = (
				CC5649152908104600E31B62 /* NotesViewController.swift */,
				CC5649172908105700E31B62 /* NoteCell.swift */,
				CC5649192908106100E31B62 /* AddNoteCell.swift */,
				CC56491B2908106F00E31B62 /* ShortNote.swift */,
			);
			path = notes;
			sourceTree = "<group>";
		};
		CC56491D290810A600E31B62 /* colorPalette */ = {
			isa = PBXGroup;
			children = (
				CC56491E290810BD00E31B62 /* ColorPaletteView.swift */,
				CC564920290810CA00E31B62 /* UIColorComponents.swift */,
			);
			path = colorPalette;
			sourceTree = "<group>";
		};
		CC5649262908118900E31B62 /* news */ = {
			isa = PBXGroup;
			children = (
				CC5649272908122A00E31B62 /* NewsListViewController.swift */,
				CC56492929082F8300E31B62 /* NewsCell.swift */,
				CC56492B2908327D00E31B62 /* NewsModel.swift */,
				CC56492D2908376600E31B62 /* ArticleViewController.swift */,
			);
			path = news;
			sourceTree = "<group>";
		};
/* End PBXGroup section */

/* Begin PBXNativeTarget section */
		CC5648FC29080E1300E31B62 /* evshelemekhPW5 */ = {
			isa = PBXNativeTarget;
			buildConfigurationList = CC56491129080E1300E31B62 /* Build configuration list for PBXNativeTarget "evshelemekhPW5" */;
			buildPhases = (
				CC5648F929080E1300E31B62 /* Sources */,
				CC5648FA29080E1300E31B62 /* Frameworks */,
				CC5648FB29080E1300E31B62 /* Resources */,
			);
			buildRules = (
			);
			dependencies = (
			);
			name = evshelemekhPW5;
			productName = evshelemekhPW5;
			productReference = CC5648FD29080E1300E31B62 /* evshelemekhPW5.app */;
			productType = "com.apple.product-type.application";
		};
/* End PBXNativeTarget section */

/* Begin PBXProject section */
		CC5648F529080E1300E31B62 /* Project object */ = {
			isa = PBXProject;
			attributes = {
				BuildIndependentTargetsInParallel = 1;
				LastSwiftUpdateCheck = 1400;
				LastUpgradeCheck = 1400;
				TargetAttributes = {
					CC5648FC29080E1300E31B62 = {
						CreatedOnToolsVersion = 14.0;
					};
				};
			};
			buildConfigurationList = CC5648F829080E1300E31B62 /* Build configuration list for PBXProject "evshelemekhPW5" */;
			compatibilityVersion = "Xcode 14.0";
			developmentRegion = en;
			hasScannedForEncodings = 0;
			knownRegions = (
				en,
				Base,
			);
			mainGroup = CC5648F429080E1300E31B62;
			productRefGroup = CC5648FE29080E1300E31B62 /* Products */;
			projectDirPath = "";
			projectRoot = "";
			targets = (
				CC5648FC29080E1300E31B62 /* evshelemekhPW5 */,
			);
		};
/* End PBXProject section */

/* Begin PBXResourcesBuildPhase section */
		CC5648FB29080E1300E31B62 /* Resources */ = {
			isa = PBXResourcesBuildPhase;
			buildActionMask = 2147483647;
			files = (
				CC56490D29080E1300E31B62 /* LaunchScreen.storyboard in Resources */,
				CC56490A29080E1300E31B62 /* Assets.xcassets in Resources */,
			);
			runOnlyForDeploymentPostprocessing = 0;
		};
/* End PBXResourcesBuildPhase section */

/* Begin PBXSourcesBuildPhase section */
		CC5648F929080E1300E31B62 /* Sources */ = {
			isa = PBXSourcesBuildPhase;
			buildActionMask = 2147483647;
			files = (
				CC56492C2908327D00E31B62 /* NewsModel.swift in Sources */,
				CC5649162908104600E31B62 /* NotesViewController.swift in Sources */,
				CC56491C2908106F00E31B62 /* ShortNote.swift in Sources */,
				CC56491F290810BD00E31B62 /* ColorPaletteView.swift in Sources */,
				CC5649282908122A00E31B62 /* NewsListViewController.swift in Sources */,
				CC56491A2908106100E31B62 /* AddNoteCell.swift in Sources */,
				CC56490529080E1300E31B62 /* ViewController.swift in Sources */,
				CC56492E2908376600E31B62 /* ArticleViewController.swift in Sources */,
				CC5649182908105700E31B62 /* NoteCell.swift in Sources */,
				CC56490129080E1300E31B62 /* AppDelegate.swift in Sources */,
				CC56490329080E1300E31B62 /* SceneDelegate.swift in Sources */,
				CC564921290810CA00E31B62 /* UIColorComponents.swift in Sources */,
				CC5649252908112B00E31B62 /* UISwiftPin.swift in Sources */,
				CC56492A29082F8300E31B62 /* NewsCell.swift in Sources */,
				CC5649232908110F00E31B62 /* CALayerShadow.swift in Sources */,
			);
			runOnlyForDeploymentPostprocessing = 0;
		};
/* End PBXSourcesBuildPhase section */

/* Begin PBXVariantGroup section */
		CC56490B29080E1300E31B62 /* LaunchScreen.storyboard */ = {
			isa = PBXVariantGroup;
			children = (
				CC56490C29080E1300E31B62 /* Base */,
			);
			name = LaunchScreen.storyboard;
			sourceTree = "<group>";
		};
/* End PBXVariantGroup section */

/* Begin XCBuildConfiguration section */
		CC56490F29080E1300E31B62 /* Debug */ = {
			isa = XCBuildConfiguration;
			buildSettings = {
				ALWAYS_SEARCH_USER_PATHS = NO;
				CLANG_ANALYZER_NONNULL = YES;
				CLANG_ANALYZER_NUMBER_OBJECT_CONVERSION = YES_AGGRESSIVE;
				CLANG_CXX_LANGUAGE_STANDARD = "gnu++20";
				CLANG_ENABLE_MODULES = YES;
				CLANG_ENABLE_OBJC_ARC = YES;
				CLANG_ENABLE_OBJC_WEAK = YES;
				CLANG_WARN_BLOCK_CAPTURE_AUTORELEASING = YES;
				CLANG_WARN_BOOL_CONVERSION = YES;
				CLANG_WARN_COMMA = YES;
				CLANG_WARN_CONSTANT_CONVERSION = YES;
				CLANG_WARN_DEPRECATED_OBJC_IMPLEMENTATIONS = YES;
				CLANG_WARN_DIRECT_OBJC_ISA_USAGE = YES_ERROR;
				CLANG_WARN_DOCUMENTATION_COMMENTS = YES;
				CLANG_WARN_EMPTY_BODY = YES;
				CLANG_WARN_ENUM_CONVERSION = YES;
				CLANG_WARN_INFINITE_RECURSION = YES;
				CLANG_WARN_INT_CONVERSION = YES;
				CLANG_WARN_NON_LITERAL_NULL_CONVERSION = YES;
				CLANG_WARN_OBJC_IMPLICIT_RETAIN_SELF = YES;
				CLANG_WARN_OBJC_LITERAL_CONVERSION = YES;
				CLANG_WARN_OBJC_ROOT_CLASS = YES_ERROR;
				CLANG_WARN_QUOTED_INCLUDE_IN_FRAMEWORK_HEADER = YES;
				CLANG_WARN_RANGE_LOOP_ANALYSIS = YES;
				CLANG_WARN_STRICT_PROTOTYPES = YES;
				CLANG_WARN_SUSPICIOUS_MOVE = YES;
				CLANG_WARN_UNGUARDED_AVAILABILITY = YES_AGGRESSIVE;
				CLANG_WARN_UNREACHABLE_CODE = YES;
				CLANG_WARN__DUPLICATE_METHOD_MATCH = YES;
				COPY_PHASE_STRIP = NO;
				DEBUG_INFORMATION_FORMAT = dwarf;
				ENABLE_STRICT_OBJC_MSGSEND = YES;
				ENABLE_TESTABILITY = YES;
				GCC_C_LANGUAGE_STANDARD = gnu11;
				GCC_DYNAMIC_NO_PIC = NO;
				GCC_NO_COMMON_BLOCKS = YES;
				GCC_OPTIMIZATION_LEVEL = 0;
				GCC_PREPROCESSOR_DEFINITIONS = (
					"DEBUG=1",
					"$(inherited)",
				);
				GCC_WARN_64_TO_32_BIT_CONVERSION = YES;
				GCC_WARN_ABOUT_RETURN_TYPE = YES_ERROR;
				GCC_WARN_UNDECLARED_SELECTOR = YES;
				GCC_WARN_UNINITIALIZED_AUTOS = YES_AGGRESSIVE;
				GCC_WARN_UNUSED_FUNCTION = YES;
				GCC_WARN_UNUSED_VARIABLE = YES;
				IPHONEOS_DEPLOYMENT_TARGET = 16.0;
				MTL_ENABLE_DEBUG_INFO = INCLUDE_SOURCE;
				MTL_FAST_MATH = YES;
				ONLY_ACTIVE_ARCH = YES;
				SDKROOT = iphoneos;
				SWIFT_ACTIVE_COMPILATION_CONDITIONS = DEBUG;
				SWIFT_OPTIMIZATION_LEVEL = "-Onone";
			};
			name = Debug;
		};
		CC56491029080E1300E31B62 /* Release */ = {
			isa = XCBuildConfiguration;
			buildSettings = {
				ALWAYS_SEARCH_USER_PATHS = NO;
				CLANG_ANALYZER_NONNULL = YES;
				CLANG_ANALYZER_NUMBER_OBJECT_CONVERSION = YES_AGGRESSIVE;
				CLANG_CXX_LANGUAGE_STANDARD = "gnu++20";
				CLANG_ENABLE_MODULES = YES;
				CLANG_ENABLE_OBJC_ARC = YES;
				CLANG_ENABLE_OBJC_WEAK = YES;
				CLANG_WARN_BLOCK_CAPTURE_AUTORELEASING = YES;
				CLANG_WARN_BOOL_CONVERSION = YES;
				CLANG_WARN_COMMA = YES;
				CLANG_WARN_CONSTANT_CONVERSION = YES;
				CLANG_WARN_DEPRECATED_OBJC_IMPLEMENTATIONS = YES;
				CLANG_WARN_DIRECT_OBJC_ISA_USAGE = YES_ERROR;
				CLANG_WARN_DOCUMENTATION_COMMENTS = YES;
				CLANG_WARN_EMPTY_BODY = YES;
				CLANG_WARN_ENUM_CONVERSION = YES;
				CLANG_WARN_INFINITE_RECURSION = YES;
				CLANG_WARN_INT_CONVERSION = YES;
				CLANG_WARN_NON_LITERAL_NULL_CONVERSION = YES;
				CLANG_WARN_OBJC_IMPLICIT_RETAIN_SELF = YES;
				CLANG_WARN_OBJC_LITERAL_CONVERSION = YES;
				CLANG_WARN_OBJC_ROOT_CLASS = YES_ERROR;
				CLANG_WARN_QUOTED_INCLUDE_IN_FRAMEWORK_HEADER = YES;
				CLANG_WARN_RANGE_LOOP_ANALYSIS = YES;
				CLANG_WARN_STRICT_PROTOTYPES = YES;
				CLANG_WARN_SUSPICIOUS_MOVE = YES;
				CLANG_WARN_UNGUARDED_AVAILABILITY = YES_AGGRESSIVE;
				CLANG_WARN_UNREACHABLE_CODE = YES;
				CLANG_WARN__DUPLICATE_METHOD_MATCH = YES;
				COPY_PHASE_STRIP = NO;
				DEBUG_INFORMATION_FORMAT = "dwarf-with-dsym";
				ENABLE_NS_ASSERTIONS = NO;
				ENABLE_STRICT_OBJC_MSGSEND = YES;
				GCC_C_LANGUAGE_STANDARD = gnu11;
				GCC_NO_COMMON_BLOCKS = YES;
				GCC_WARN_64_TO_32_BIT_CONVERSION = YES;
				GCC_WARN_ABOUT_RETURN_TYPE = YES_ERROR;
				GCC_WARN_UNDECLARED_SELECTOR = YES;
				GCC_WARN_UNINITIALIZED_AUTOS = YES_AGGRESSIVE;
				GCC_WARN_UNUSED_FUNCTION = YES;
				GCC_WARN_UNUSED_VARIABLE = YES;
				IPHONEOS_DEPLOYMENT_TARGET = 16.0;
				MTL_ENABLE_DEBUG_INFO = NO;
				MTL_FAST_MATH = YES;
				SDKROOT = iphoneos;
				SWIFT_COMPILATION_MODE = wholemodule;
				SWIFT_OPTIMIZATION_LEVEL = "-O";
				VALIDATE_PRODUCT = YES;
			};
			name = Release;
		};
		CC56491229080E1300E31B62 /* Debug */ = {
			isa = XCBuildConfiguration;
			buildSettings = {
				ASSETCATALOG_COMPILER_APPICON_NAME = AppIcon;
				ASSETCATALOG_COMPILER_GLOBAL_ACCENT_COLOR_NAME = AccentColor;
				CODE_SIGN_STYLE = Automatic;
				CURRENT_PROJECT_VERSION = 1;
				GENERATE_INFOPLIST_FILE = YES;
				INFOPLIST_FILE = evshelemekhPW5/Info.plist;
				INFOPLIST_KEY_UIApplicationSupportsIndirectInputEvents = YES;
				INFOPLIST_KEY_UILaunchStoryboardName = LaunchScreen;
				INFOPLIST_KEY_UIMainStoryboardFile = "";
				INFOPLIST_KEY_UISupportedInterfaceOrientations_iPad = "UIInterfaceOrientationPortrait UIInterfaceOrientationPortraitUpsideDown UIInterfaceOrientationLandscapeLeft UIInterfaceOrientationLandscapeRight";
				INFOPLIST_KEY_UISupportedInterfaceOrientations_iPhone = "UIInterfaceOrientationPortrait UIInterfaceOrientationLandscapeLeft UIInterfaceOrientationLandscapeRight";
				IPHONEOS_DEPLOYMENT_TARGET = 15.0;
				LD_RUNPATH_SEARCH_PATHS = (
					"$(inherited)",
					"@executable_path/Frameworks",
				);
				MARKETING_VERSION = 1.0;
				PRODUCT_BUNDLE_IDENTIFIER = com.exp.evshelemekhPW5;
				PRODUCT_NAME = "$(TARGET_NAME)";
				SWIFT_EMIT_LOC_STRINGS = YES;
				SWIFT_VERSION = 5.0;
				TARGETED_DEVICE_FAMILY = "1,2";
			};
			name = Debug;
		};
		CC56491329080E1300E31B62 /* Release */ = {
			isa = XCBuildConfiguration;
			buildSettings = {
				ASSETCATALOG_COMPILER_APPICON_NAME = AppIcon;
				ASSETCATALOG_COMPILER_GLOBAL_ACCENT_COLOR_NAME = AccentColor;
				CODE_SIGN_STYLE = Automatic;
				CURRENT_PROJECT_VERSION = 1;
				GENERATE_INFOPLIST_FILE = YES;
				INFOPLIST_FILE = evshelemekhPW5/Info.plist;
				INFOPLIST_KEY_UIApplicationSupportsIndirectInputEvents = YES;
				INFOPLIST_KEY_UILaunchStoryboardName = LaunchScreen;
				INFOPLIST_KEY_UIMainStoryboardFile = "";
				INFOPLIST_KEY_UISupportedInterfaceOrientations_iPad = "UIInterfaceOrientationPortrait UIInterfaceOrientationPortraitUpsideDown UIInterfaceOrientationLandscapeLeft UIInterfaceOrientationLandscapeRight";
				INFOPLIST_KEY_UISupportedInterfaceOrientations_iPhone = "UIInterfaceOrientationPortrait UIInterfaceOrientationLandscapeLeft UIInterfaceOrientationLandscapeRight";
				IPHONEOS_DEPLOYMENT_TARGET = 15.0;
				LD_RUNPATH_SEARCH_PATHS = (
					"$(inherited)",
					"@executable_path/Frameworks",
				);
				MARKETING_VERSION = 1.0;
				PRODUCT_BUNDLE_IDENTIFIER = com.exp.evshelemekhPW5;
				PRODUCT_NAME = "$(TARGET_NAME)";
				SWIFT_EMIT_LOC_STRINGS = YES;
				SWIFT_VERSION = 5.0;
				TARGETED_DEVICE_FAMILY = "1,2";
			};
			name = Release;
		};
/* End XCBuildConfiguration section */

/* Begin XCConfigurationList section */
		CC5648F829080E1300E31B62 /* Build configuration list for PBXProject "evshelemekhPW5" */ = {
			isa = XCConfigurationList;
			buildConfigurations = (
				CC56490F29080E1300E31B62 /* Debug */,
				CC56491029080E1300E31B62 /* Release */,
			);
			defaultConfigurationIsVisible = 0;
			defaultConfigurationName = Release;
		};
		CC56491129080E1300E31B62 /* Build configuration list for PBXNativeTarget "evshelemekhPW5" */ = {
			isa = XCConfigurationList;
			buildConfigurations = (
				CC56491229080E1300E31B62 /* Debug */,
				CC56491329080E1300E31B62 /* Release */,
			);
			defaultConfigurationIsVisible = 0;
			defaultConfigurationName = Release;
		};
/* End XCConfigurationList section */
	};
	rootObject = CC5648F529080E1300E31B62 /* Project object */;
}
